{
  "pins" : [
    {
      "identity" : "swift-assertions",
      "kind" : "remoteSourceControl",
      "location" : "https://github.com/aetherealtech/swift-assertions",
      "state" : {
        "branch" : "master",
        "revision" : "21225dc7160155728212c7276bb708004d4216e8"
      }
    },
    {
      "identity" : "swift-core-extensions",
      "kind" : "remoteSourceControl",
      "location" : "https://github.com/aetherealtech/swift-core-extensions",
      "state" : {
        "branch" : "master",
        "revision" : "4044889deef6348db134f151187903ffddbd69fc"
      }
    },
    {
      "identity" : "swift-custom-dump",
      "kind" : "remoteSourceControl",
      "location" : "https://github.com/pointfreeco/swift-custom-dump",
      "state" : {
        "revision" : "82645ec760917961cfa08c9c0c7104a57a0fa4b1",
        "version" : "1.3.3"
      }
    },
    {
      "identity" : "swift-synchronization",
      "kind" : "remoteSourceControl",
      "location" : "https://github.com/aetherealtech/swift-synchronization",
      "state" : {
        "branch" : "master",
        "revision" : "cfb0a9d8c7af5641548c79f965b8d5bcf0219da9"
      }
    },
    {
      "identity" : "xctest-dynamic-overlay",
      "kind" : "remoteSourceControl",
      "location" : "https://github.com/pointfreeco/xctest-dynamic-overlay",
      "state" : {
        "revision" : "c6809a193975cab4d5308c64bd1d51e0df467928",
        "version" : "1.2.3"
      }
    }
  ],
  "version" : 2
}
